// !$*UTF8*$!
{
	archiveVersion = 1;
	classes = {
	};
	objectVersion = 77;
	objects = {

/* Begin PBXContainerItemProxy section */
		F0967F562FD9E550001B9B45 /* PBXContainerItemProxy */ = {
			isa = PBXContainerItemProxy;
			containerPortal = F0967F3E2FD9E54E001B9B45 /* Project object */;
			proxyType = 1;
			remoteGlobalIDString = F0967F452FD9E54E001B9B45;
			remoteInfo = "Wilmette Kenilworth Perks";
		};
		F0967F602FD9E550001B9B45 /* PBXContainerItemProxy */ = {
			isa = PBXContainerItemProxy;
			containerPortal = F0967F3E2FD9E54E001B9B45 /* Project object */;
			proxyType = 1;
			remoteGlobalIDString = F0967F452FD9E54E001B9B45;
			remoteInfo = "Wilmette Kenilworth Perks";
		};
/* End PBXContainerItemProxy section */

/* Begin PBXFileReference section */
		F0967F462FD9E54E001B9B45 /* Wilmette Kenilworth Perks.app */ = {isa = PBXFileReference; explicitFileType = wrapper.application; includeInIndex = 0; path = "Wilmette Kenilworth Perks.app"; sourceTree = BUILT_PRODUCTS_DIR; };
		F0967F552FD9E550001B9B45 /* Wilmette Kenilworth PerksTests.xctest */ = {isa = PBXFileReference; explicitFileType = wrapper.cfbundle; includeInIndex = 0; path = "Wilmette Kenilworth PerksTests.xctest"; sourceTree = BUILT_PRODUCTS_DIR; };
		F0967F5F2FD9E550001B9B45 /* Wilmette Kenilworth PerksUITests.xctest */ = {isa = PBXFileReference; explicitFileType = wrapper.cfbundle; includeInIndex = 0; path = "Wilmette Kenilworth PerksUITests.xctest"; sourceTree = BUILT_PRODUCTS_DIR; };
/* End PBXFileReference section */

/* Begin PBXFileSystemSynchronizedRootGroup section */
		F0967F482FD9E54E001B9B45 /* Wilmette Kenilworth Perks */ = {
			isa = PBXFileSystemSynchronizedRootGroup;
			path = "Wilmette Kenilworth Perks";
			sourceTree = "<group>";
		};
		F0967F582FD9E550001B9B45 /* Wilmette Kenilworth PerksTests */ = {
			isa = PBXFileSystemSynchronizedRootGroup;
			path = "Wilmette Kenilworth PerksTests";
			sourceTree = "<group>";
		};
		F0967F622FD9E550001B9B45 /* Wilmette Kenilworth PerksUITests */ = {
			isa = PBXFileSystemSynchronizedRootGroup;
			path = "Wilmette Kenilworth PerksUITests";
			sourceTree = "<group>";
		};
/* End PBXFileSystemSynchronizedRootGroup section */

/* Begin PBXFrameworksBuildPhase section */
		F0967F432FD9E54E001B9B45 /* Frameworks */ = {
			isa = PBXFrameworksBuildPhase;
			buildActionMask = 2147483647;
			files = (
			);
			runOnlyForDeploymentPostprocessing = 0;
		};
		F0967F522FD9E550001B9B45 /* Frameworks */ = {
			isa = PBXFrameworksBuildPhase;
			buildActionMask = 2147483647;
			files = (
			);
			runOnlyForDeploymentPostprocessing = 0;
		};
		F0967F5C2FD9E550001B9B45 /* Frameworks */ = {
			isa = PBXFrameworksBuildPhase;
			buildActionMask = 2147483647;
			files = (
			);
			runOnlyForDeploymentPostprocessing = 0;
		};
/* End PBXFrameworksBuildPhase section */

/* Begin PBXGroup section */
		F0967F3D2FD9E54E001B9B45 = {
			isa = PBXGroup;
			children = (
				F0967F482FD9E54E001B9B45 /* Wilmette Kenilworth Perks */,
				F0967F582FD9E550001B9B45 /* Wilmette Kenilworth PerksTests */,
				F0967F622FD9E550001B9B45 /* Wilmette Kenilworth PerksUITests */,
				F0967F472FD9E54E001B9B45 /* Products */,
			);
			sourceTree = "<group>";
		};
		F0967F472FD9E54E001B9B45 /* Products */ = {
			isa = PBXGroup;
			children = (
				F0967F462FD9E54E001B9B45 /* Wilmette Kenilworth Perks.app */,
				F0967F552FD9E550001B9B45 /* Wilmette Kenilworth PerksTests.xctest */,
				F0967F5F2FD9E550001B9B45 /* Wilmette Kenilworth PerksUITests.xctest */,
			);
			name = Products;
			sourceTree = "<group>";
		};
/* End PBXGroup section */

/* Begin PBXNativeTarget section */
		F0967F452FD9E54E001B9B45 /* Wilmette Kenilworth Perks */ = {
			isa = PBXNativeTarget;
			buildConfigurationList = F0967F692FD9E550001B9B45 /* Build configuration list for PBXNativeTarget "Wilmette Kenilworth Perks" */;
			buildPhases = (
				F0967F422FD9E54E001B9B45 /* Sources */,
				F0967F432FD9E54E001B9B45 /* Frameworks */,
				F0967F442FD9E54E001B9B45 /* Resources */,
			);
			buildRules = (
			);
			dependencies = (
			);
			fileSystemSynchronizedGroups = (
				F0967F482FD9E54E001B9B45 /* Wilmette Kenilworth Perks */,
			);
			name = "Wilmette Kenilworth Perks";
			packageProductDependencies = (
			);
			productName = "Wilmette Kenilworth Perks";
			productReference = F0967F462FD9E54E001B9B45 /* Wilmette Kenilworth Perks.app */;
			productType = "com.apple.product-type.application";
		};
		F0967F542FD9E550001B9B45 /* Wilmette Kenilworth PerksTests */ = {
			isa = PBXNativeTarget;
			buildConfigurationList = F0967F6C2FD9E550001B9B45 /* Build configuration list for PBXNativeTarget "Wilmette Kenilworth PerksTests" */;
			buildPhases = (
				F0967F512FD9E550001B9B45 /* Sources */,
				F0967F522FD9E550001B9B45 /* Frameworks */,
				F0967F532FD9E550001B9B45 /* Resources */,
			);
			buildRules = (
			);
			dependencies = (
				F0967F572FD9E550001B9B45 /* PBXTargetDependency */,
			);
			fileSystemSynchronizedGroups = (
				F0967F582FD9E550001B9B45 /* Wilmette Kenilworth PerksTests */,
			);
			name = "Wilmette Kenilworth PerksTests";
			packageProductDependencies = (
			);
			productName = "Wilmette Kenilworth PerksTests";
			productReference = F0967F552FD9E550001B9B45 /* Wilmette Kenilworth PerksTests.xctest */;
			productType = "com.apple.product-type.bundle.unit-test";
		};
		F0967F5E2FD9E550001B9B45 /* Wilmette Kenilworth PerksUITests */ = {
			isa = PBXNativeTarget;
			buildConfigurationList = F0967F6F2FD9E550001B9B45 /* Build configuration list for PBXNativeTarget "Wilmette Kenilworth PerksUITests" */;
			buildPhases = (
				F0967F5B2FD9E550001B9B45 /* Sources */,
				F0967F5C2FD9E550001B9B45 /* Frameworks */,
				F0967F5D2FD9E550001B9B45 /* Resources */,
			);
			buildRules = (
			);
			dependencies = (
				F0967F612FD9E550001B9B45 /* PBXTargetDependency */,
			);
			fileSystemSynchronizedGroups = (
				F0967F622FD9E550001B9B45 /* Wilmette Kenilworth PerksUITests */,
			);
			name = "Wilmette Kenilworth PerksUITests";
			packageProductDependencies = (
			);
			productName = "Wilmette Kenilworth PerksUITests";
			productReference = F0967F5F2FD9E550001B9B45 /* Wilmette Kenilworth PerksUITests.xctest */;
			productType = "com.apple.product-type.bundle.ui-testing";
		};
/* End PBXNativeTarget section */

/* Begin PBXProject section */
		F0967F3E2FD9E54E001B9B45 /* Project object */ = {
			isa = PBXProject;
			attributes = {
				BuildIndependentTargetsInParallel = 1;
				LastSwiftUpdateCheck = 1640;
				LastUpgradeCheck = 1640;
				TargetAttributes = {
					F0967F452FD9E54E001B9B45 = {
						CreatedOnToolsVersion = 16.4;
					};
					F0967F542FD9E550001B9B45 = {
						CreatedOnToolsVersion = 16.4;
						TestTargetID = F0967F452FD9E54E001B9B45;
					};
					F0967F5E2FD9E550001B9B45 = {
						CreatedOnToolsVersion = 16.4;
						TestTargetID = F0967F452FD9E54E001B9B45;
					};
				};
			};
			buildConfigurationList = F0967F412FD9E54E001B9B45 /* Build configuration list for PBXProject "Wilmette Kenilworth Perks" */;
			developmentRegion = en;
			hasScannedForEncodings = 0;
			knownRegions = (
				en,
				Base,
			);
			mainGroup = F0967F3D2FD9E54E001B9B45;
			minimizedProjectReferenceProxies = 1;
			preferredProjectObjectVersion = 77;
			productRefGroup = F0967F472FD9E54E001B9B45 /* Products */;
			projectDirPath = "";
			projectRoot = "";
			targets = (
				F0967F452FD9E54E001B9B45 /* Wilmette Kenilworth Perks */,
				F0967F542FD9E550001B9B45 /* Wilmette Kenilworth PerksTests */,
				F0967F5E2FD9E550001B9B45 /* Wilmette Kenilworth PerksUITests */,
			);
		};
/* End PBXProject section */

/* Begin PBXResourcesBuildPhase section */
		F0967F442FD9E54E001B9B45 /* Resources */ = {
			isa = PBXResourcesBuildPhase;
			buildActionMask = 2147483647;
			files = (
			);
			runOnlyForDeploymentPostprocessing = 0;
		};
		F0967F532FD9E550001B9B45 /* Resources */ = {
			isa = PBXResourcesBuildPhase;
			buildActionMask = 2147483647;
			files = (
			);
			runOnlyForDeploymentPostprocessing = 0;
		};
		F0967F5D2FD9E550001B9B45 /* Resources */ = {
			isa = PBXResourcesBuildPhase;
			buildActionMask = 2147483647;
			files = (
			);
			runOnlyForDeploymentPostprocessing = 0;
		};
/* End PBXResourcesBuildPhase section */

/* Begin PBXSourcesBuildPhase section */
		F0967F422FD9E54E001B9B45 /* Sources */ = {
			isa = PBXSourcesBuildPhase;
			buildActionMask = 2147483647;
			files = (
			);
			runOnlyForDeploymentPostprocessing = 0;
		};
		F0967F512FD9E550001B9B45 /* Sources */ = {
			isa = PBXSourcesBuildPhase;
			buildActionMask = 2147483647;
			files = (
			);
			runOnlyForDeploymentPostprocessing = 0;
		};
		F0967F5B2FD9E550001B9B45 /* Sources */ = {
			isa = PBXSourcesBuildPhase;
			buildActionMask = 2147483647;
			files = (
			);
			runOnlyForDeploymentPostprocessing = 0;
		};
/* End PBXSourcesBuildPhase section */

/* Begin PBXTargetDependency section */
		F0967F572FD9E550001B9B45 /* PBXTargetDependency */ = {
			isa = PBXTargetDependency;
			target = F0967F452FD9E54E001B9B45 /* Wilmette Kenilworth Perks */;
			targetProxy = F0967F562FD9E550001B9B45 /* PBXContainerItemProxy */;
		};
		F0967F612FD9E550001B9B45 /* PBXTargetDependency */ = {
			isa = PBXTargetDependency;
			target = F0967F452FD9E54E001B9B45 /* Wilmette Kenilworth Perks */;
			targetProxy = F0967F602FD9E550001B9B45 /* PBXContainerItemProxy */;
		};
/* End PBXTargetDependency section */

/* Begin XCBuildConfiguration section */
		F0967F672FD9E550001B9B45 /* Debug */ = {
			isa = XCBuildConfiguration;
			buildSettings = {
				ALWAYS_SEARCH_USER_PATHS = NO;
				ASSETCATALOG_COMPILER_GENERATE_SWIFT_ASSET_SYMBOL_EXTENSIONS = YES;
				CLANG_ANALYZER_NONNULL = YES;
				CLANG_ANALYZER_NUMBER_OBJECT_CONVERSION = YES_AGGRESSIVE;
				CLANG_CXX_LANGUAGE_STANDARD = "gnu++20";
				CLANG_ENABLE_MODULES = YES;
				CLANG_ENABLE_OBJC_ARC = YES;
				CLANG_ENABLE_OBJC_WEAK = YES;
				CLANG_WARN_BLOCK_CAPTURE_AUTORELEASING = YES;
				CLANG_WARN_BOOL_CONVERSION = YES;
				CLANG_WARN_COMMA = YES;
				CLANG_WARN_CONSTANT_CONVERSION = YES;
				CLANG_WARN_DEPRECATED_OBJC_IMPLEMENTATIONS = YES;
				CLANG_WARN_DIRECT_OBJC_ISA_USAGE = YES_ERROR;
				CLANG_WARN_DOCUMENTATION_COMMENTS = YES;
				CLANG_WARN_EMPTY_BODY = YES;
				CLANG_WARN_ENUM_CONVERSION = YES;
				CLANG_WARN_INFINITE_RECURSION = YES;
				CLANG_WARN_INT_CONVERSION = YES;
				CLANG_WARN_NON_LITERAL_NULL_CONVERSION = YES;
				CLANG_WARN_OBJC_IMPLICIT_RETAIN_SELF = YES;
				CLANG_WARN_OBJC_LITERAL_CONVERSION = YES;
				CLANG_WARN_OBJC_ROOT_CLASS = YES_ERROR;
				CLANG_WARN_QUOTED_INCLUDE_IN_FRAMEWORK_HEADER = YES;
				CLANG_WARN_RANGE_LOOP_ANALYSIS = YES;
				CLANG_WARN_STRICT_PROTOTYPES = YES;
				CLANG_WARN_SUSPICIOUS_MOVE = YES;
				CLANG_WARN_UNGUARDED_AVAILABILITY = YES_AGGRESSIVE;
				CLANG_WARN_UNREACHABLE_CODE = YES;
				CLANG_WARN__DUPLICATE_METHOD_MATCH = YES;
				COPY_PHASE_STRIP = NO;
				DEBUG_INFORMATION_FORMAT = dwarf;
				DEVELOPMENT_TEAM = 87BJQUWN86;
				ENABLE_STRICT_OBJC_MSGSEND = YES;
				ENABLE_TESTABILITY = YES;
				ENABLE_USER_SCRIPT_SANDBOXING = YES;
				GCC_C_LANGUAGE_STANDARD = gnu17;
				GCC_DYNAMIC_NO_PIC = NO;
				GCC_NO_COMMON_BLOCKS = YES;
				GCC_OPTIMIZATION_LEVEL = 0;
				GCC_PREPROCESSOR_DEFINITIONS = (
					"DEBUG=1",
					"$(inherited)",
				);
				GCC_WARN_64_TO_32_BIT_CONVERSION = YES;
				GCC_WARN_ABOUT_RETURN_TYPE = YES_ERROR;
				GCC_WARN_UNDECLARED_SELECTOR = YES;
				GCC_WARN_UNINITIALIZED_AUTOS = YES_AGGRESSIVE;
				GCC_WARN_UNUSED_FUNCTION = YES;
				GCC_WARN_UNUSED_VARIABLE = YES;
				IPHONEOS_DEPLOYMENT_TARGET = 18.5;
				LOCALIZATION_PREFERS_STRING_CATALOGS = YES;
				MTL_ENABLE_DEBUG_INFO = INCLUDE_SOURCE;
				MTL_FAST_MATH = YES;
				ONLY_ACTIVE_ARCH = YES;
				SDKROOT = iphoneos;
				SWIFT_ACTIVE_COMPILATION_CONDITIONS = "DEBUG $(inherited)";
				SWIFT_OPTIMIZATION_LEVEL = "-Onone";
			};
			name = Debug;
		};
		F0967F682FD9E550001B9B45 /* Release */ = {
			isa = XCBuildConfiguration;
			buildSettings = {
				ALWAYS_SEARCH_USER_PATHS = NO;
				ASSETCATALOG_COMPILER_GENERATE_SWIFT_ASSET_SYMBOL_EXTENSIONS = YES;
				CLANG_ANALYZER_NONNULL = YES;
				CLANG_ANALYZER_NUMBER_OBJECT_CONVERSION = YES_AGGRESSIVE;
				CLANG_CXX_LANGUAGE_STANDARD = "gnu++20";
				CLANG_ENABLE_MODULES = YES;
				CLANG_ENABLE_OBJC_ARC = YES;
				CLANG_ENABLE_OBJC_WEAK = YES;
				CLANG_WARN_BLOCK_CAPTURE_AUTORELEASING = YES;
				CLANG_WARN_BOOL_CONVERSION = YES;
				CLANG_WARN_COMMA = YES;
				CLANG_WARN_CONSTANT_CONVERSION = YES;
				CLANG_WARN_DEPRECATED_OBJC_IMPLEMENTATIONS = YES;
				CLANG_WARN_DIRECT_OBJC_ISA_USAGE = YES_ERROR;
				CLANG_WARN_DOCUMENTATION_COMMENTS = YES;
				CLANG_WARN_EMPTY_BODY = YES;
				CLANG_WARN_ENUM_CONVERSION = YES;
				CLANG_WARN_INFINITE_RECURSION = YES;
				CLANG_WARN_INT_CONVERSION = YES;
				CLANG_WARN_NON_LITERAL_NULL_CONVERSION = YES;
				CLANG_WARN_OBJC_IMPLICIT_RETAIN_SELF = YES;
				CLANG_WARN_OBJC_LITERAL_CONVERSION = YES;
				CLANG_WARN_OBJC_ROOT_CLASS = YES_ERROR;
				CLANG_WARN_QUOTED_INCLUDE_IN_FRAMEWORK_HEADER = YES;
				CLANG_WARN_RANGE_LOOP_ANALYSIS = YES;
				CLANG_WARN_STRICT_PROTOTYPES = YES;
				CLANG_WARN_SUSPICIOUS_MOVE = YES;
				CLANG_WARN_UNGUARDED_AVAILABILITY = YES_AGGRESSIVE;
				CLANG_WARN_UNREACHABLE_CODE = YES;
				CLANG_WARN__DUPLICATE_METHOD_MATCH = YES;
				COPY_PHASE_STRIP = NO;
				DEBUG_INFORMATION_FORMAT = "dwarf-with-dsym";
				DEVELOPMENT_TEAM = 87BJQUWN86;
				ENABLE_NS_ASSERTIONS = NO;
				ENABLE_STRICT_OBJC_MSGSEND = YES;
				ENABLE_USER_SCRIPT_SANDBOXING = YES;
				GCC_C_LANGUAGE_STANDARD = gnu17;
				GCC_NO_COMMON_BLOCKS = YES;
				GCC_WARN_64_TO_32_BIT_CONVERSION = YES;
				GCC_WARN_ABOUT_RETURN_TYPE = YES_ERROR;
				GCC_WARN_UNDECLARED_SELECTOR = YES;
				GCC_WARN_UNINITIALIZED_AUTOS = YES_AGGRESSIVE;
				GCC_WARN_UNUSED_FUNCTION = YES;
				GCC_WARN_UNUSED_VARIABLE = YES;
				IPHONEOS_DEPLOYMENT_TARGET = 18.5;
				LOCALIZATION_PREFERS_STRING_CATALOGS = YES;
				MTL_ENABLE_DEBUG_INFO = NO;
				MTL_FAST_MATH = YES;
				SDKROOT = iphoneos;
				SWIFT_COMPILATION_MODE = wholemodule;
				VALIDATE_PRODUCT = YES;
			};
			name = Release;
		};
		F0967F6A2FD9E550001B9B45 /* Debug */ = {
			isa = XCBuildConfiguration;
			buildSettings = {
				ASSETCATALOG_COMPILER_APPICON_NAME = AppIcon;
				ASSETCATALOG_COMPILER_GLOBAL_ACCENT_COLOR_NAME = AccentColor;
				CODE_SIGN_STYLE = Automatic;
				CURRENT_PROJECT_VERSION = 1;
				DEVELOPMENT_TEAM = 87BJQUWN86;
				ENABLE_PREVIEWS = YES;
				GENERATE_INFOPLIST_FILE = YES;
				INFOPLIST_FILE = "WKCC-Info.plist";
				INFOPLIST_KEY_UIApplicationSceneManifest_Generation = YES;
				INFOPLIST_KEY_UIApplicationSupportsIndirectInputEvents = YES;
				INFOPLIST_KEY_UILaunchScreen_Generation = YES;
				INFOPLIST_KEY_UISupportedInterfaceOrientations_iPad = "UIInterfaceOrientationPortrait UIInterfaceOrientationPortraitUpsideDown UIInterfaceOrientationLandscapeLeft UIInterfaceOrientationLandscapeRight";
				INFOPLIST_KEY_UISupportedInterfaceOrientations_iPhone = "UIInterfaceOrientationPortrait UIInterfaceOrientationLandscapeLeft UIInterfaceOrientationLandscapeRight";
				LD_RUNPATH_SEARCH_PATHS = (
					"$(inherited)",
					"@executable_path/Frameworks",
				);
				MARKETING_VERSION = 1.0;
				PRODUCT_BUNDLE_IDENTIFIER = "WKCC.Wilmette-Kenilworth-Perks";
				PRODUCT_NAME = "$(TARGET_NAME)";
				SWIFT_EMIT_LOC_STRINGS = YES;
				SWIFT_VERSION = 5.0;
				TARGETED_DEVICE_FAMILY = "1,2";
			};
			name = Debug;
		};
		F0967F6B2FD9E550001B9B45 /* Release */ = {
			isa = XCBuildConfiguration;
			buildSettings = {
				ASSETCATALOG_COMPILER_APPICON_NAME = AppIcon;
				ASSETCATALOG_COMPILER_GLOBAL_ACCENT_COLOR_NAME = AccentColor;
				CODE_SIGN_STYLE = Automatic;
				CURRENT_PROJECT_VERSION = 1;
				DEVELOPMENT_TEAM = 87BJQUWN86;
				ENABLE_PREVIEWS = YES;
				GENERATE_INFOPLIST_FILE = YES;
				INFOPLIST_FILE = "WKCC-Info.plist";
				INFOPLIST_KEY_UIApplicationSceneManifest_Generation = YES;
				INFOPLIST_KEY_UIApplicationSupportsIndirectInputEvents = YES;
				INFOPLIST_KEY_UILaunchScreen_Generation = YES;
				INFOPLIST_KEY_UISupportedInterfaceOrientations_iPad = "UIInterfaceOrientationPortrait UIInterfaceOrientationPortraitUpsideDown UIInterfaceOrientationLandscapeLeft UIInterfaceOrientationLandscapeRight";
				INFOPLIST_KEY_UISupportedInterfaceOrientations_iPhone = "UIInterfaceOrientationPortrait UIInterfaceOrientationLandscapeLeft UIInterfaceOrientationLandscapeRight";
				LD_RUNPATH_SEARCH_PATHS = (
					"$(inherited)",
					"@executable_path/Frameworks",
				);
				MARKETING_VERSION = 1.0;
				PRODUCT_BUNDLE_IDENTIFIER = "WKCC.Wilmette-Kenilworth-Perks";
				PRODUCT_NAME = "$(TARGET_NAME)";
				SWIFT_EMIT_LOC_STRINGS = YES;
				SWIFT_VERSION = 5.0;
				TARGETED_DEVICE_FAMILY = "1,2";
			};
			name = Release;
		};
		F0967F6D2FD9E550001B9B45 /* Debug */ = {
			isa = XCBuildConfiguration;
			buildSettings = {
				BUNDLE_LOADER = "$(TEST_HOST)";
				CODE_SIGN_STYLE = Automatic;
				CURRENT_PROJECT_VERSION = 1;
				DEVELOPMENT_TEAM = 87BJQUWN86;
				GENERATE_INFOPLIST_FILE = YES;
				IPHONEOS_DEPLOYMENT_TARGET = 18.5;
				MARKETING_VERSION = 1.0;
				PRODUCT_BUNDLE_IDENTIFIER = "WKCC.Wilmette-Kenilworth-PerksTests";
				PRODUCT_NAME = "$(TARGET_NAME)";
				SWIFT_EMIT_LOC_STRINGS = NO;
				SWIFT_VERSION = 5.0;
				TARGETED_DEVICE_FAMILY = "1,2";
				TEST_HOST = "$(BUILT_PRODUCTS_DIR)/Wilmette Kenilworth Perks.app/$(BUNDLE_EXECUTABLE_FOLDER_PATH)/Wilmette Kenilworth Perks";
			};
			name = Debug;
		};
		F0967F6E2FD9E550001B9B45 /* Release */ = {
			isa = XCBuildConfiguration;
			buildSettings = {
				BUNDLE_LOADER = "$(TEST_HOST)";
				CODE_SIGN_STYLE = Automatic;
				CURRENT_PROJECT_VERSION = 1;
				DEVELOPMENT_TEAM = 87BJQUWN86;
				GENERATE_INFOPLIST_FILE = YES;
				IPHONEOS_DEPLOYMENT_TARGET = 18.5;
				MARKETING_VERSION = 1.0;
				PRODUCT_BUNDLE_IDENTIFIER = "WKCC.Wilmette-Kenilworth-PerksTests";
				PRODUCT_NAME = "$(TARGET_NAME)";
				SWIFT_EMIT_LOC_STRINGS = NO;
				SWIFT_VERSION = 5.0;
				TARGETED_DEVICE_FAMILY = "1,2";
				TEST_HOST = "$(BUILT_PRODUCTS_DIR)/Wilmette Kenilworth Perks.app/$(BUNDLE_EXECUTABLE_FOLDER_PATH)/Wilmette Kenilworth Perks";
			};
			name = Release;
		};
		F0967F702FD9E550001B9B45 /* Debug */ = {
			isa = XCBuildConfiguration;
			buildSettings = {
				CODE_SIGN_STYLE = Automatic;
				CURRENT_PROJECT_VERSION = 1;
				DEVELOPMENT_TEAM = 87BJQUWN86;
				GENERATE_INFOPLIST_FILE = YES;
				MARKETING_VERSION = 1.0;
				PRODUCT_BUNDLE_IDENTIFIER = "WKCC.Wilmette-Kenilworth-PerksUITests";
				PRODUCT_NAME = "$(TARGET_NAME)";
				SWIFT_EMIT_LOC_STRINGS = NO;
				SWIFT_VERSION = 5.0;
				TARGETED_DEVICE_FAMILY = "1,2";
				TEST_TARGET_NAME = "Wilmette Kenilworth Perks";
			};
			name = Debug;
		};
		F0967F712FD9E550001B9B45 /* Release */ = {
			isa = XCBuildConfiguration;
			buildSettings = {
				CODE_SIGN_STYLE = Automatic;
				CURRENT_PROJECT_VERSION = 1;
				DEVELOPMENT_TEAM = 87BJQUWN86;
				GENERATE_INFOPLIST_FILE = YES;
				MARKETING_VERSION = 1.0;
				PRODUCT_BUNDLE_IDENTIFIER = "WKCC.Wilmette-Kenilworth-PerksUITests";
				PRODUCT_NAME = "$(TARGET_NAME)";
				SWIFT_EMIT_LOC_STRINGS = NO;
				SWIFT_VERSION = 5.0;
				TARGETED_DEVICE_FAMILY = "1,2";
				TEST_TARGET_NAME = "Wilmette Kenilworth Perks";
			};
			name = Release;
		};
/* End XCBuildConfiguration section */

/* Begin XCConfigurationList section */
		F0967F412FD9E54E001B9B45 /* Build configuration list for PBXProject "Wilmette Kenilworth Perks" */ = {
			isa = XCConfigurationList;
			buildConfigurations = (
				F0967F672FD9E550001B9B45 /* Debug */,
				F0967F682FD9E550001B9B45 /* Release */,
			);
			defaultConfigurationIsVisible = 0;
			defaultConfigurationName = Release;
		};
		F0967F692FD9E550001B9B45 /* Build configuration list for PBXNativeTarget "Wilmette Kenilworth Perks" */ = {
			isa = XCConfigurationList;
			buildConfigurations = (
				F0967F6A2FD9E550001B9B45 /* Debug */,
				F0967F6B2FD9E550001B9B45 /* Release */,
			);
			defaultConfigurationIsVisible = 0;
			defaultConfigurationName = Release;
		};
		F0967F6C2FD9E550001B9B45 /* Build configuration list for PBXNativeTarget "Wilmette Kenilworth PerksTests" */ = {
			isa = XCConfigurationList;
			buildConfigurations = (
				F0967F6D2FD9E550001B9B45 /* Debug */,
				F0967F6E2FD9E550001B9B45 /* Release */,
			);
			defaultConfigurationIsVisible = 0;
			defaultConfigurationName = Release;
		};
		F0967F6F2FD9E550001B9B45 /* Build configuration list for PBXNativeTarget "Wilmette Kenilworth PerksUITests" */ = {
			isa = XCConfigurationList;
			buildConfigurations = (
				F0967F702FD9E550001B9B45 /* Debug */,
				F0967F712FD9E550001B9B45 /* Release */,
			);
			defaultConfigurationIsVisible = 0;
			defaultConfigurationName = Release;
		};
/* End XCConfigurationList section */
	};
	rootObject = F0967F3E2FD9E54E001B9B45 /* Project object */;
}
